
Microsoft Visual Studio Solution File, Format Version 12.00
# Visual Studio Version 17
VisualStudioVersion = 17.9.34728.123
MinimumVisualStudioVersion = 10.0.40219.1
Project("{FAE04EC0-301F-11D3-BF4B-00C04F79EFBC}") = "LinkedSpace", "LinkedSpace\LinkedSpace.csproj", "{B97B3EBB-AD82-42DE-B4D9-50D4FB354977}"
EndProject
Project("{FAE04EC0-301F-11D3-BF4B-00C04F79EFBC}") = "RectangularSpaceDisplay", "RectangularSpaceDisplay\RectangularSpaceDisplay.csproj", "{DE66B5DA-DA8C-4F9B-8B0C-EB1BD2A17156}"
EndProject
Project("{FAE04EC0-301F-11D3-BF4B-00C04F79EFBC}") = "LifeGame", "LifeGame\LifeGame.csproj", "{FEEC0443-64F4-4841-87F5-E562A43758D5}"
EndProject
Global
	GlobalSection(SolutionConfigurationPlatforms) = preSolution
		Debug|Any CPU = Debug|Any CPU
		Release|Any CPU = Release|Any CPU
	EndGlobalSection
	GlobalSection(ProjectConfigurationPlatforms) = postSolution
		{B97B3EBB-AD82-42DE-B4D9-50D4FB354977}.Debug|Any CPU.ActiveCfg = Debug|Any CPU
		{B97B3EBB-AD82-42DE-B4D9-50D4FB354977}.Debug|Any CPU.Build.0 = Debug|Any CPU
		{B97B3EBB-AD82-42DE-B4D9-50D4FB354977}.Release|Any CPU.ActiveCfg = Release|Any CPU
		{B97B3EBB-AD82-42DE-B4D9-50D4FB354977}.Release|Any CPU.Build.0 = Release|Any CPU
		{DE66B5DA-DA8C-4F9B-8B0C-EB1BD2A17156}.Debug|Any CPU.ActiveCfg = Debug|Any CPU
		{DE66B5DA-DA8C-4F9B-8B0C-EB1BD2A17156}.Debug|Any CPU.Build.0 = Debug|Any CPU
		{DE66B5DA-DA8C-4F9B-8B0C-EB1BD2A17156}.Release|Any CPU.ActiveCfg = Release|Any CPU
		{DE66B5DA-DA8C-4F9B-8B0C-EB1BD2A17156}.Release|Any CPU.Build.0 = Release|Any CPU
		{FEEC0443-64F4-4841-87F5-E562A43758D5}.Debug|Any CPU.ActiveCfg = Debug|Any CPU
		{FEEC0443-64F4-4841-87F5-E562A43758D5}.Debug|Any CPU.Build.0 = Debug|Any CPU
		{FEEC0443-64F4-4841-87F5-E562A43758D5}.Release|Any CPU.ActiveCfg = Release|Any CPU
		{FEEC0443-64F4-4841-87F5-E562A43758D5}.Release|Any CPU.Build.0 = Release|Any CPU
	EndGlobalSection
	GlobalSection(SolutionProperties) = preSolution
		HideSolutionNode = FALSE
	EndGlobalSection
	GlobalSection(ExtensibilityGlobals) = postSolution
		SolutionGuid = {20C851CE-85EE-4814-A930-C9A31D029E1A}
	EndGlobalSection
EndGlobal
